
Microsoft Visual Studio Solution File, Format Version 12.00
Project("{FAE04EC0-301F-11D3-BF4B-00C04F79EFBC}") = "E-commerceMVC", "E-commerceMVC\E-commerceMVC.csproj", "{D1BF8D36-4DC4-45B8-8D87-FE0D412C1EFD}"
EndProject
Global
	GlobalSection(SolutionConfigurationPlatforms) = preSolution
		Debug|Any CPU = Debug|Any CPU
		Release|Any CPU = Release|Any CPU
	EndGlobalSection
	GlobalSection(ProjectConfigurationPlatforms) = postSolution
		{D1BF8D36-4DC4-45B8-8D87-FE0D412C1EFD}.Debug|Any CPU.ActiveCfg = Debug|Any CPU
		{D1BF8D36-4DC4-45B8-8D87-FE0D412C1EFD}.Debug|Any CPU.Build.0 = Debug|Any CPU
		{D1BF8D36-4DC4-45B8-8D87-FE0D412C1EFD}.Release|Any CPU.ActiveCfg = Release|Any CPU
		{D1BF8D36-4DC4-45B8-8D87-FE0D412C1EFD}.Release|Any CPU.Build.0 = Release|Any CPU
	EndGlobalSection
EndGlobal
